// !$*UTF8*$!
{
	archiveVersion = 1;
	classes = {
	};
	objectVersion = 46;
	objects = {

/* Begin PBXBuildFile section */
		271601FA1E21B9E300055834 /* LocatingViewController.swift in Sources */ = {isa = PBXBuildFile; fileRef = 271601F91E21B9E300055834 /* LocatingViewController.swift */; };
		271601FC1E21B9FA00055834 /* Side.swift in Sources */ = {isa = PBXBuildFile; fileRef = 271601FB1E21B9FA00055834 /* Side.swift */; };
		271601FE1E21BA4000055834 /* AirPodBreathing.swift in Sources */ = {isa = PBXBuildFile; fileRef = 271601FD1E21BA4000055834 /* AirPodBreathing.swift */; };
		272F5C161E21BC9100E53277 /* Meter.swift in Sources */ = {isa = PBXBuildFile; fileRef = 272F5C151E21BC9100E53277 /* Meter.swift */; };
		275756D51E2195BB00D54252 /* AppDelegate.swift in Sources */ = {isa = PBXBuildFile; fileRef = 275756D41E2195BB00D54252 /* AppDelegate.swift */; };
		275756D71E2195BB00D54252 /* SelectAirPodViewController.swift in Sources */ = {isa = PBXBuildFile; fileRef = 275756D61E2195BB00D54252 /* SelectAirPodViewController.swift */; };
		275756DA1E2195BB00D54252 /* Main.storyboard in Resources */ = {isa = PBXBuildFile; fileRef = 275756D81E2195BB00D54252 /* Main.storyboard */; };
		275756DC1E2195BB00D54252 /* Assets.xcassets in Resources */ = {isa = PBXBuildFile; fileRef = 275756DB1E2195BB00D54252 /* Assets.xcassets */; };
		275756DF1E2195BB00D54252 /* LaunchScreen.storyboard in Resources */ = {isa = PBXBuildFile; fileRef = 275756DD1E2195BB00D54252 /* LaunchScreen.storyboard */; };
		275756EA1E2195BB00D54252 /* AccioTests.swift in Sources */ = {isa = PBXBuildFile; fileRef = 275756E91E2195BB00D54252 /* AccioTests.swift */; };
		27D07EBF1E21AB20008FF12E /* R.generated.swift in Sources */ = {isa = PBXBuildFile; fileRef = 27D07EBE1E21AB20008FF12E /* R.generated.swift */; };
		D8B7B2B609EE306C0D3F8A43 /* Pods_Accio.framework in Frameworks */ = {isa = PBXBuildFile; fileRef = D774AB50B51DD4CB35EAD1D5 /* Pods_Accio.framework */; };
		FDA407681687143B459361E7 /* Pods_AccioTests.framework in Frameworks */ = {isa = PBXBuildFile; fileRef = 83F7FDAA1B249FE9F1CCDB8F /* Pods_AccioTests.framework */; };
/* End PBXBuildFile section */

/* Begin PBXContainerItemProxy section */
		275756E61E2195BB00D54252 /* PBXContainerItemProxy */ = {
			isa = PBXContainerItemProxy;
			containerPortal = 275756C91E2195BA00D54252 /* Project object */;
			proxyType = 1;
			remoteGlobalIDString = 275756D01E2195BB00D54252;
			remoteInfo = Accio;
		};
/* End PBXContainerItemProxy section */

/* Begin PBXFileReference section */
		271601F91E21B9E300055834 /* LocatingViewController.swift */ = {isa = PBXFileReference; fileEncoding = 4; lastKnownFileType = sourcecode.swift; path = LocatingViewController.swift; sourceTree = "<group>"; };
		271601FB1E21B9FA00055834 /* Side.swift */ = {isa = PBXFileReference; fileEncoding = 4; lastKnownFileType = sourcecode.swift; path = Side.swift; sourceTree = "<group>"; };
		271601FD1E21BA4000055834 /* AirPodBreathing.swift */ = {isa = PBXFileReference; fileEncoding = 4; lastKnownFileType = sourcecode.swift; path = AirPodBreathing.swift; sourceTree = "<group>"; };
		272F5C151E21BC9100E53277 /* Meter.swift */ = {isa = PBXFileReference; fileEncoding = 4; lastKnownFileType = sourcecode.swift; path = Meter.swift; sourceTree = "<group>"; };
		275756D11E2195BB00D54252 /* Accio.app */ = {isa = PBXFileReference; explicitFileType = wrapper.application; includeInIndex = 0; path = Accio.app; sourceTree = BUILT_PRODUCTS_DIR; };
		275756D41E2195BB00D54252 /* AppDelegate.swift */ = {isa = PBXFileReference; lastKnownFileType = sourcecode.swift; path = AppDelegate.swift; sourceTree = "<group>"; };
		275756D61E2195BB00D54252 /* SelectAirPodViewController.swift */ = {isa = PBXFileReference; lastKnownFileType = sourcecode.swift; path = SelectAirPodViewController.swift; sourceTree = "<group>"; };
		275756D91E2195BB00D54252 /* Base */ = {isa = PBXFileReference; lastKnownFileType = file.storyboard; name = Base; path = Base.lproj/Main.storyboard; sourceTree = "<group>"; };
		275756DB1E2195BB00D54252 /* Assets.xcassets */ = {isa = PBXFileReference; lastKnownFileType = folder.assetcatalog; path = Assets.xcassets; sourceTree = "<group>"; };
		275756DE1E2195BB00D54252 /* Base */ = {isa = PBXFileReference; lastKnownFileType = file.storyboard; name = Base; path = Base.lproj/LaunchScreen.storyboard; sourceTree = "<group>"; };
		275756E01E2195BB00D54252 /* Info.plist */ = {isa = PBXFileReference; lastKnownFileType = text.plist.xml; path = Info.plist; sourceTree = "<group>"; };
		275756E51E2195BB00D54252 /* AccioTests.xctest */ = {isa = PBXFileReference; explicitFileType = wrapper.cfbundle; includeInIndex = 0; path = AccioTests.xctest; sourceTree = BUILT_PRODUCTS_DIR; };
		275756E91E2195BB00D54252 /* AccioTests.swift */ = {isa = PBXFileReference; lastKnownFileType = sourcecode.swift; path = AccioTests.swift; sourceTree = "<group>"; };
		275756EB1E2195BB00D54252 /* Info.plist */ = {isa = PBXFileReference; lastKnownFileType = text.plist.xml; path = Info.plist; sourceTree = "<group>"; };
		27D07EBE1E21AB20008FF12E /* R.generated.swift */ = {isa = PBXFileReference; fileEncoding = 4; lastKnownFileType = sourcecode.swift; path = R.generated.swift; sourceTree = SOURCE_ROOT; };
		6272C7216E9B2E2FCBB507BF /* Pods-Accio.debug.xcconfig */ = {isa = PBXFileReference; includeInIndex = 1; lastKnownFileType = text.xcconfig; name = "Pods-Accio.debug.xcconfig"; path = "Pods/Target Support Files/Pods-Accio/Pods-Accio.debug.xcconfig"; sourceTree = "<group>"; };
		83F7FDAA1B249FE9F1CCDB8F /* Pods_AccioTests.framework */ = {isa = PBXFileReference; explicitFileType = wrapper.framework; includeInIndex = 0; path = Pods_AccioTests.framework; sourceTree = BUILT_PRODUCTS_DIR; };
		895A8D6E7DEA0FC58C4D3093 /* Pods-AccioTests.debug.xcconfig */ = {isa = PBXFileReference; includeInIndex = 1; lastKnownFileType = text.xcconfig; name = "Pods-AccioTests.debug.xcconfig"; path = "Pods/Target Support Files/Pods-AccioTests/Pods-AccioTests.debug.xcconfig"; sourceTree = "<group>"; };
		9E4A15E2D23D63FB5F12322B /* Pods-Accio.release.xcconfig */ = {isa = PBXFileReference; includeInIndex = 1; lastKnownFileType = text.xcconfig; name = "Pods-Accio.release.xcconfig"; path = "Pods/Target Support Files/Pods-Accio/Pods-Accio.release.xcconfig"; sourceTree = "<group>"; };
		A5A7C0FE6108594F4D5D104A /* Pods-AccioTests.release.xcconfig */ = {isa = PBXFileReference; includeInIndex = 1; lastKnownFileType = text.xcconfig; name = "Pods-AccioTests.release.xcconfig"; path = "Pods/Target Support Files/Pods-AccioTests/Pods-AccioTests.release.xcconfig"; sourceTree = "<group>"; };
		D774AB50B51DD4CB35EAD1D5 /* Pods_Accio.framework */ = {isa = PBXFileReference; explicitFileType = wrapper.framework; includeInIndex = 0; path = Pods_Accio.framework; sourceTree = BUILT_PRODUCTS_DIR; };
/* End PBXFileReference section */

/* Begin PBXFrameworksBuildPhase section */
		275756CE1E2195BB00D54252 /* Frameworks */ = {
			isa = PBXFrameworksBuildPhase;
			buildActionMask = 2147483647;
			files = (
				D8B7B2B609EE306C0D3F8A43 /* Pods_Accio.framework in Frameworks */,
			);
			runOnlyForDeploymentPostprocessing = 0;
		};
		275756E21E2195BB00D54252 /* Frameworks */ = {
			isa = PBXFrameworksBuildPhase;
			buildActionMask = 2147483647;
			files = (
				FDA407681687143B459361E7 /* Pods_AccioTests.framework in Frameworks */,
			);
			runOnlyForDeploymentPostprocessing = 0;
		};
/* End PBXFrameworksBuildPhase section */

/* Begin PBXGroup section */
		1AAEDB2063E56FED1541FB3C /* Pods */ = {
			isa = PBXGroup;
			children = (
				6272C7216E9B2E2FCBB507BF /* Pods-Accio.debug.xcconfig */,
				9E4A15E2D23D63FB5F12322B /* Pods-Accio.release.xcconfig */,
				895A8D6E7DEA0FC58C4D3093 /* Pods-AccioTests.debug.xcconfig */,
				A5A7C0FE6108594F4D5D104A /* Pods-AccioTests.release.xcconfig */,
			);
			name = Pods;
			sourceTree = "<group>";
		};
		25438CDF6B372ED39CD0FC49 /* Frameworks */ = {
			isa = PBXGroup;
			children = (
				D774AB50B51DD4CB35EAD1D5 /* Pods_Accio.framework */,
				83F7FDAA1B249FE9F1CCDB8F /* Pods_AccioTests.framework */,
			);
			name = Frameworks;
			sourceTree = "<group>";
		};
		275756C81E2195BA00D54252 = {
			isa = PBXGroup;
			children = (
				275756D31E2195BB00D54252 /* Accio */,
				275756E81E2195BB00D54252 /* AccioTests */,
				275756D21E2195BB00D54252 /* Products */,
				1AAEDB2063E56FED1541FB3C /* Pods */,
				25438CDF6B372ED39CD0FC49 /* Frameworks */,
			);
			sourceTree = "<group>";
		};
		275756D21E2195BB00D54252 /* Products */ = {
			isa = PBXGroup;
			children = (
				275756D11E2195BB00D54252 /* Accio.app */,
				275756E51E2195BB00D54252 /* AccioTests.xctest */,
			);
			name = Products;
			sourceTree = "<group>";
		};
		275756D31E2195BB00D54252 /* Accio */ = {
			isa = PBXGroup;
			children = (
				275756D41E2195BB00D54252 /* AppDelegate.swift */,
				275756D61E2195BB00D54252 /* SelectAirPodViewController.swift */,
				271601F91E21B9E300055834 /* LocatingViewController.swift */,
				271601FD1E21BA4000055834 /* AirPodBreathing.swift */,
				271601FB1E21B9FA00055834 /* Side.swift */,
				272F5C151E21BC9100E53277 /* Meter.swift */,
				275756D81E2195BB00D54252 /* Main.storyboard */,
				275756DB1E2195BB00D54252 /* Assets.xcassets */,
				275756DD1E2195BB00D54252 /* LaunchScreen.storyboard */,
				275756E01E2195BB00D54252 /* Info.plist */,
				27D07EBE1E21AB20008FF12E /* R.generated.swift */,
			);
			path = Accio;
			sourceTree = "<group>";
		};
		275756E81E2195BB00D54252 /* AccioTests */ = {
			isa = PBXGroup;
			children = (
				275756E91E2195BB00D54252 /* AccioTests.swift */,
				275756EB1E2195BB00D54252 /* Info.plist */,
			);
			path = AccioTests;
			sourceTree = "<group>";
		};
/* End PBXGroup section */

/* Begin PBXNativeTarget section */
		275756D01E2195BB00D54252 /* Accio */ = {
			isa = PBXNativeTarget;
			buildConfigurationList = 275756EE1E2195BB00D54252 /* Build configuration list for PBXNativeTarget "Accio" */;
			buildPhases = (
				609C2D68B42EEEA3E4FEEC41 /* [CP] Check Pods Manifest.lock */,
				27D07EBD1E21AA6E008FF12E /* ShellScript */,
				275756CD1E2195BB00D54252 /* Sources */,
				275756CE1E2195BB00D54252 /* Frameworks */,
				275756CF1E2195BB00D54252 /* Resources */,
				E156AAFA8AB544E109FC77F1 /* [CP] Embed Pods Frameworks */,
				A3DB9E037B5D72E0FFD860DC /* [CP] Copy Pods Resources */,
			);
			buildRules = (
			);
			dependencies = (
			);
			name = Accio;
			productName = Accio;
			productReference = 275756D11E2195BB00D54252 /* Accio.app */;
			productType = "com.apple.product-type.application";
		};
		275756E41E2195BB00D54252 /* AccioTests */ = {
			isa = PBXNativeTarget;
			buildConfigurationList = 275756F11E2195BB00D54252 /* Build configuration list for PBXNativeTarget "AccioTests" */;
			buildPhases = (
				6AF09E4734F67FD3EAE39C85 /* [CP] Check Pods Manifest.lock */,
				275756E11E2195BB00D54252 /* Sources */,
				275756E21E2195BB00D54252 /* Frameworks */,
				275756E31E2195BB00D54252 /* Resources */,
				76E33DB0ECEC1B1CFE5F1F5F /* [CP] Embed Pods Frameworks */,
				0A19B92143EA8956315340CD /* [CP] Copy Pods Resources */,
			);
			buildRules = (
			);
			dependencies = (
				275756E71E2195BB00D54252 /* PBXTargetDependency */,
			);
			name = AccioTests;
			productName = AccioTests;
			productReference = 275756E51E2195BB00D54252 /* AccioTests.xctest */;
			productType = "com.apple.product-type.bundle.unit-test";
		};
/* End PBXNativeTarget section */

/* Begin PBXProject section */
		275756C91E2195BA00D54252 /* Project object */ = {
			isa = PBXProject;
			attributes = {
				LastSwiftUpdateCheck = 0820;
				LastUpgradeCheck = 0820;
				ORGANIZATIONNAME = "Kyle Bashour";
				TargetAttributes = {
					275756D01E2195BB00D54252 = {
						CreatedOnToolsVersion = 8.2.1;
						DevelopmentTeam = ZEAD23GG77;
						ProvisioningStyle = Automatic;
					};
					275756E41E2195BB00D54252 = {
						CreatedOnToolsVersion = 8.2.1;
						DevelopmentTeam = ZEAD23GG77;
						ProvisioningStyle = Automatic;
						TestTargetID = 275756D01E2195BB00D54252;
					};
				};
			};
			buildConfigurationList = 275756CC1E2195BA00D54252 /* Build configuration list for PBXProject "Accio" */;
			compatibilityVersion = "Xcode 3.2";
			developmentRegion = English;
			hasScannedForEncodings = 0;
			knownRegions = (
				en,
				Base,
			);
			mainGroup = 275756C81E2195BA00D54252;
			productRefGroup = 275756D21E2195BB00D54252 /* Products */;
			projectDirPath = "";
			projectRoot = "";
			targets = (
				275756D01E2195BB00D54252 /* Accio */,
				275756E41E2195BB00D54252 /* AccioTests */,
			);
		};
/* End PBXProject section */

/* Begin PBXResourcesBuildPhase section */
		275756CF1E2195BB00D54252 /* Resources */ = {
			isa = PBXResourcesBuildPhase;
			buildActionMask = 2147483647;
			files = (
				275756DF1E2195BB00D54252 /* LaunchScreen.storyboard in Resources */,
				275756DC1E2195BB00D54252 /* Assets.xcassets in Resources */,
				275756DA1E2195BB00D54252 /* Main.storyboard in Resources */,
			);
			runOnlyForDeploymentPostprocessing = 0;
		};
		275756E31E2195BB00D54252 /* Resources */ = {
			isa = PBXResourcesBuildPhase;
			buildActionMask = 2147483647;
			files = (
			);
			runOnlyForDeploymentPostprocessing = 0;
		};
/* End PBXResourcesBuildPhase section */

/* Begin PBXShellScriptBuildPhase section */
		0A19B92143EA8956315340CD /* [CP] Copy Pods Resources */ = {
			isa = PBXShellScriptBuildPhase;
			buildActionMask = 2147483647;
			files = (
			);
			inputPaths = (
			);
			name = "[CP] Copy Pods Resources";
			outputPaths = (
			);
			runOnlyForDeploymentPostprocessing = 0;
			shellPath = /bin/sh;
			shellScript = "\"${SRCROOT}/Pods/Target Support Files/Pods-AccioTests/Pods-AccioTests-resources.sh\"\n";
			showEnvVarsInLog = 0;
		};
		27D07EBD1E21AA6E008FF12E /* ShellScript */ = {
			isa = PBXShellScriptBuildPhase;
			buildActionMask = 2147483647;
			files = (
			);
			inputPaths = (
			);
			outputPaths = (
			);
			runOnlyForDeploymentPostprocessing = 0;
			shellPath = /bin/sh;
			shellScript = "\"$PODS_ROOT/R.swift/rswift\" \"$SRCROOT\"\n";
		};
		609C2D68B42EEEA3E4FEEC41 /* [CP] Check Pods Manifest.lock */ = {
			isa = PBXShellScriptBuildPhase;
			buildActionMask = 2147483647;
			files = (
			);
			inputPaths = (
			);
			name = "[CP] Check Pods Manifest.lock";
			outputPaths = (
			);
			runOnlyForDeploymentPostprocessing = 0;
			shellPath = /bin/sh;
			shellScript = "diff \"${PODS_ROOT}/../Podfile.lock\" \"${PODS_ROOT}/Manifest.lock\" > /dev/null\nif [ $? != 0 ] ; then\n    # print error to STDERR\n    echo \"error: The sandbox is not in sync with the Podfile.lock. Run 'pod install' or update your CocoaPods installation.\" >&2\n    exit 1\nfi\n";
			showEnvVarsInLog = 0;
		};
		6AF09E4734F67FD3EAE39C85 /* [CP] Check Pods Manifest.lock */ = {
			isa = PBXShellScriptBuildPhase;
			buildActionMask = 2147483647;
			files = (
			);
			inputPaths = (
			);
			name = "[CP] Check Pods Manifest.lock";
			outputPaths = (
			);
			runOnlyForDeploymentPostprocessing = 0;
			shellPath = /bin/sh;
			shellScript = "diff \"${PODS_ROOT}/../Podfile.lock\" \"${PODS_ROOT}/Manifest.lock\" > /dev/null\nif [ $? != 0 ] ; then\n    # print error to STDERR\n    echo \"error: The sandbox is not in sync with the Podfile.lock. Run 'pod install' or update your CocoaPods installation.\" >&2\n    exit 1\nfi\n";
			showEnvVarsInLog = 0;
		};
		76E33DB0ECEC1B1CFE5F1F5F /* [CP] Embed Pods Frameworks */ = {
			isa = PBXShellScriptBuildPhase;
			buildActionMask = 2147483647;
			files = (
			);
			inputPaths = (
			);
			name = "[CP] Embed Pods Frameworks";
			outputPaths = (
			);
			runOnlyForDeploymentPostprocessing = 0;
			shellPath = /bin/sh;
			shellScript = "\"${SRCROOT}/Pods/Target Support Files/Pods-AccioTests/Pods-AccioTests-frameworks.sh\"\n";
			showEnvVarsInLog = 0;
		};
		A3DB9E037B5D72E0FFD860DC /* [CP] Copy Pods Resources */ = {
			isa = PBXShellScriptBuildPhase;
			buildActionMask = 2147483647;
			files = (
			);
			inputPaths = (
			);
			name = "[CP] Copy Pods Resources";
			outputPaths = (
			);
			runOnlyForDeploymentPostprocessing = 0;
			shellPath = /bin/sh;
			shellScript = "\"${SRCROOT}/Pods/Target Support Files/Pods-Accio/Pods-Accio-resources.sh\"\n";
			showEnvVarsInLog = 0;
		};
		E156AAFA8AB544E109FC77F1 /* [CP] Embed Pods Frameworks */ = {
			isa = PBXShellScriptBuildPhase;
			buildActionMask = 2147483647;
			files = (
			);
			inputPaths = (
			);
			name = "[CP] Embed Pods Frameworks";
			outputPaths = (
			);
			runOnlyForDeploymentPostprocessing = 0;
			shellPath = /bin/sh;
			shellScript = "\"${SRCROOT}/Pods/Target Support Files/Pods-Accio/Pods-Accio-frameworks.sh\"\n";
			showEnvVarsInLog = 0;
		};
/* End PBXShellScriptBuildPhase section */

/* Begin PBXSourcesBuildPhase section */
		275756CD1E2195BB00D54252 /* Sources */ = {
			isa = PBXSourcesBuildPhase;
			buildActionMask = 2147483647;
			files = (
				275756D71E2195BB00D54252 /* SelectAirPodViewController.swift in Sources */,
				275756D51E2195BB00D54252 /* AppDelegate.swift in Sources */,
				272F5C161E21BC9100E53277 /* Meter.swift in Sources */,
				271601FC1E21B9FA00055834 /* Side.swift in Sources */,
				27D07EBF1E21AB20008FF12E /* R.generated.swift in Sources */,
				271601FA1E21B9E300055834 /* LocatingViewController.swift in Sources */,
				271601FE1E21BA4000055834 /* AirPodBreathing.swift in Sources */,
			);
			runOnlyForDeploymentPostprocessing = 0;
		};
		275756E11E2195BB00D54252 /* Sources */ = {
			isa = PBXSourcesBuildPhase;
			buildActionMask = 2147483647;
			files = (
				275756EA1E2195BB00D54252 /* AccioTests.swift in Sources */,
			);
			runOnlyForDeploymentPostprocessing = 0;
		};
/* End PBXSourcesBuildPhase section */

/* Begin PBXTargetDependency section */
		275756E71E2195BB00D54252 /* PBXTargetDependency */ = {
			isa = PBXTargetDependency;
			target = 275756D01E2195BB00D54252 /* Accio */;
			targetProxy = 275756E61E2195BB00D54252 /* PBXContainerItemProxy */;
		};
/* End PBXTargetDependency section */

/* Begin PBXVariantGroup section */
		275756D81E2195BB00D54252 /* Main.storyboard */ = {
			isa = PBXVariantGroup;
			children = (
				275756D91E2195BB00D54252 /* Base */,
			);
			name = Main.storyboard;
			sourceTree = "<group>";
		};
		275756DD1E2195BB00D54252 /* LaunchScreen.storyboard */ = {
			isa = PBXVariantGroup;
			children = (
				275756DE1E2195BB00D54252 /* Base */,
			);
			name = LaunchScreen.storyboard;
			sourceTree = "<group>";
		};
/* End PBXVariantGroup section */

/* Begin XCBuildConfiguration section */
		275756EC1E2195BB00D54252 /* Debug */ = {
			isa = XCBuildConfiguration;
			buildSettings = {
				ALWAYS_SEARCH_USER_PATHS = NO;
				CLANG_ANALYZER_NONNULL = YES;
				CLANG_CXX_LANGUAGE_STANDARD = "gnu++0x";
				CLANG_CXX_LIBRARY = "libc++";
				CLANG_ENABLE_MODULES = YES;
				CLANG_ENABLE_OBJC_ARC = YES;
				CLANG_WARN_BOOL_CONVERSION = YES;
				CLANG_WARN_CONSTANT_CONVERSION = YES;
				CLANG_WARN_DIRECT_OBJC_ISA_USAGE = YES_ERROR;
				CLANG_WARN_DOCUMENTATION_COMMENTS = YES;
				CLANG_WARN_EMPTY_BODY = YES;
				CLANG_WARN_ENUM_CONVERSION = YES;
				CLANG_WARN_INFINITE_RECURSION = YES;
				CLANG_WARN_INT_CONVERSION = YES;
				CLANG_WARN_OBJC_ROOT_CLASS = YES_ERROR;
				CLANG_WARN_SUSPICIOUS_MOVE = YES;
				CLANG_WARN_UNREACHABLE_CODE = YES;
				CLANG_WARN__DUPLICATE_METHOD_MATCH = YES;
				"CODE_SIGN_IDENTITY[sdk=iphoneos*]" = "iPhone Developer";
				COPY_PHASE_STRIP = NO;
				DEBUG_INFORMATION_FORMAT = dwarf;
				ENABLE_STRICT_OBJC_MSGSEND = YES;
				ENABLE_TESTABILITY = YES;
				GCC_C_LANGUAGE_STANDARD = gnu99;
				GCC_DYNAMIC_NO_PIC = NO;
				GCC_NO_COMMON_BLOCKS = YES;
				GCC_OPTIMIZATION_LEVEL = 0;
				GCC_PREPROCESSOR_DEFINITIONS = (
					"DEBUG=1",
					"$(inherited)",
				);
				GCC_WARN_64_TO_32_BIT_CONVERSION = YES;
				GCC_WARN_ABOUT_RETURN_TYPE = YES_ERROR;
				GCC_WARN_UNDECLARED_SELECTOR = YES;
				GCC_WARN_UNINITIALIZED_AUTOS = YES_AGGRESSIVE;
				GCC_WARN_UNUSED_FUNCTION = YES;
				GCC_WARN_UNUSED_VARIABLE = YES;
				IPHONEOS_DEPLOYMENT_TARGET = 10.2;
				MTL_ENABLE_DEBUG_INFO = YES;
				ONLY_ACTIVE_ARCH = YES;
				SDKROOT = iphoneos;
				SWIFT_ACTIVE_COMPILATION_CONDITIONS = DEBUG;
				SWIFT_OPTIMIZATION_LEVEL = "-Onone";
				TARGETED_DEVICE_FAMILY = "1,2";
			};
			name = Debug;
		};
		275756ED1E2195BB00D54252 /* Release */ = {
			isa = XCBuildConfiguration;
			buildSettings = {
				ALWAYS_SEARCH_USER_PATHS = NO;
				CLANG_ANALYZER_NONNULL = YES;
				CLANG_CXX_LANGUAGE_STANDARD = "gnu++0x";
				CLANG_CXX_LIBRARY = "libc++";
				CLANG_ENABLE_MODULES = YES;
				CLANG_ENABLE_OBJC_ARC = YES;
				CLANG_WARN_BOOL_CONVERSION = YES;
				CLANG_WARN_CONSTANT_CONVERSION = YES;
				CLANG_WARN_DIRECT_OBJC_ISA_USAGE = YES_ERROR;
				CLANG_WARN_DOCUMENTATION_COMMENTS = YES;
				CLANG_WARN_EMPTY_BODY = YES;
				CLANG_WARN_ENUM_CONVERSION = YES;
				CLANG_WARN_INFINITE_RECURSION = YES;
				CLANG_WARN_INT_CONVERSION = YES;
				CLANG_WARN_OBJC_ROOT_CLASS = YES_ERROR;
				CLANG_WARN_SUSPICIOUS_MOVE = YES;
				CLANG_WARN_UNREACHABLE_CODE = YES;
				CLANG_WARN__DUPLICATE_METHOD_MATCH = YES;
				"CODE_SIGN_IDENTITY[sdk=iphoneos*]" = "iPhone Developer";
				COPY_PHASE_STRIP = NO;
				DEBUG_INFORMATION_FORMAT = "dwarf-with-dsym";
				ENABLE_NS_ASSERTIONS = NO;
				ENABLE_STRICT_OBJC_MSGSEND = YES;
				GCC_C_LANGUAGE_STANDARD = gnu99;
				GCC_NO_COMMON_BLOCKS = YES;
				GCC_WARN_64_TO_32_BIT_CONVERSION = YES;
				GCC_WARN_ABOUT_RETURN_TYPE = YES_ERROR;
				GCC_WARN_UNDECLARED_SELECTOR = YES;
				GCC_WARN_UNINITIALIZED_AUTOS = YES_AGGRESSIVE;
				GCC_WARN_UNUSED_FUNCTION = YES;
				GCC_WARN_UNUSED_VARIABLE = YES;
				IPHONEOS_DEPLOYMENT_TARGET = 10.2;
				MTL_ENABLE_DEBUG_INFO = NO;
				SDKROOT = iphoneos;
				SWIFT_OPTIMIZATION_LEVEL = "-Owholemodule";
				TARGETED_DEVICE_FAMILY = "1,2";
				VALIDATE_PRODUCT = YES;
			};
			name = Release;
		};
		275756EF1E2195BB00D54252 /* Debug */ = {
			isa = XCBuildConfiguration;
			baseConfigurationReference = 6272C7216E9B2E2FCBB507BF /* Pods-Accio.debug.xcconfig */;
			buildSettings = {
				ALWAYS_EMBED_SWIFT_STANDARD_LIBRARIES = YES;
				ASSETCATALOG_COMPILER_APPICON_NAME = AppIcon;
				DEVELOPMENT_TEAM = ZEAD23GG77;
				INFOPLIST_FILE = Accio/Info.plist;
				LD_RUNPATH_SEARCH_PATHS = "$(inherited) @executable_path/Frameworks";
				PRODUCT_BUNDLE_IDENTIFIER = com.kylebashour.Accio;
				PRODUCT_NAME = "$(TARGET_NAME)";
				SWIFT_VERSION = 3.0;
			};
			name = Debug;
		};
		275756F01E2195BB00D54252 /* Release */ = {
			isa = XCBuildConfiguration;
			baseConfigurationReference = 9E4A15E2D23D63FB5F12322B /* Pods-Accio.release.xcconfig */;
			buildSettings = {
				ALWAYS_EMBED_SWIFT_STANDARD_LIBRARIES = YES;
				ASSETCATALOG_COMPILER_APPICON_NAME = AppIcon;
				DEVELOPMENT_TEAM = ZEAD23GG77;
				INFOPLIST_FILE = Accio/Info.plist;
				LD_RUNPATH_SEARCH_PATHS = "$(inherited) @executable_path/Frameworks";
				PRODUCT_BUNDLE_IDENTIFIER = com.kylebashour.Accio;
				PRODUCT_NAME = "$(TARGET_NAME)";
				SWIFT_VERSION = 3.0;
			};
			name = Release;
		};
		275756F21E2195BB00D54252 /* Debug */ = {
			isa = XCBuildConfiguration;
			baseConfigurationReference = 895A8D6E7DEA0FC58C4D3093 /* Pods-AccioTests.debug.xcconfig */;
			buildSettings = {
				ALWAYS_EMBED_SWIFT_STANDARD_LIBRARIES = YES;
				BUNDLE_LOADER = "$(TEST_HOST)";
				DEVELOPMENT_TEAM = ZEAD23GG77;
				INFOPLIST_FILE = AccioTests/Info.plist;
				LD_RUNPATH_SEARCH_PATHS = "$(inherited) @executable_path/Frameworks @loader_path/Frameworks";
				PRODUCT_BUNDLE_IDENTIFIER = com.kylebashour.AccioTests;
				PRODUCT_NAME = "$(TARGET_NAME)";
				SWIFT_VERSION = 3.0;
				TEST_HOST = "$(BUILT_PRODUCTS_DIR)/Accio.app/Accio";
			};
			name = Debug;
		};
		275756F31E2195BB00D54252 /* Release */ = {
			isa = XCBuildConfiguration;
			baseConfigurationReference = A5A7C0FE6108594F4D5D104A /* Pods-AccioTests.release.xcconfig */;
			buildSettings = {
				ALWAYS_EMBED_SWIFT_STANDARD_LIBRARIES = YES;
				BUNDLE_LOADER = "$(TEST_HOST)";
				DEVELOPMENT_TEAM = ZEAD23GG77;
				INFOPLIST_FILE = AccioTests/Info.plist;
				LD_RUNPATH_SEARCH_PATHS = "$(inherited) @executable_path/Frameworks @loader_path/Frameworks";
				PRODUCT_BUNDLE_IDENTIFIER = com.kylebashour.AccioTests;
				PRODUCT_NAME = "$(TARGET_NAME)";
				SWIFT_VERSION = 3.0;
				TEST_HOST = "$(BUILT_PRODUCTS_DIR)/Accio.app/Accio";
			};
			name = Release;
		};
/* End XCBuildConfiguration section */

/* Begin XCConfigurationList section */
		275756CC1E2195BA00D54252 /* Build configuration list for PBXProject "Accio" */ = {
			isa = XCConfigurationList;
			buildConfigurations = (
				275756EC1E2195BB00D54252 /* Debug */,
				275756ED1E2195BB00D54252 /* Release */,
			);
			defaultConfigurationIsVisible = 0;
			defaultConfigurationName = Release;
		};
		275756EE1E2195BB00D54252 /* Build configuration list for PBXNativeTarget "Accio" */ = {
			isa = XCConfigurationList;
			buildConfigurations = (
				275756EF1E2195BB00D54252 /* Debug */,
				275756F01E2195BB00D54252 /* Release */,
			);
			defaultConfigurationIsVisible = 0;
			defaultConfigurationName = Release;
		};
		275756F11E2195BB00D54252 /* Build configuration list for PBXNativeTarget "AccioTests" */ = {
			isa = XCConfigurationList;
			buildConfigurations = (
				275756F21E2195BB00D54252 /* Debug */,
				275756F31E2195BB00D54252 /* Release */,
			);
			defaultConfigurationIsVisible = 0;
			defaultConfigurationName = Release;
		};
/* End XCConfigurationList section */
	};
	rootObject = 275756C91E2195BA00D54252 /* Project object */;
}
